{
  "object": {
    "pins": [
      {
        "package": "CombineHelpers",
        "repositoryURL": "https://github.com/lucamegh/CombineHelpers",
        "state": {
          "branch": null,
          "revision": "9b5a8afcb86246a4d812a35920f9451dea5d6692",
          "version": "1.0.0"
        }
      },
      {
        "package": "LoadingState",
        "repositoryURL": "https://github.com/lucamegh/LoadingState",
        "state": {
          "branch": null,
          "revision": "08975adfd6885b7559f3754a1686325ad0201e4e",
          "version": "1.0.0"
        }
      },
      {
        "package": "Portal",
        "repositoryURL": "https://github.com/lucamegh/Portal",
        "state": {
          "branch": null,
          "revision": "72d04f3bf98cb5cbb552e158f4397df08afb6de1",
          "version": "1.0.0"
        }
      },
      {
        "package": "UIKitHelpers",
        "repositoryURL": "https://github.com/lucamegh/UIKitHelpers",
        "state": {
          "branch": null,
          "revision": "491948bd83c22939b854b4e99efa9efbbcca5640",
          "version": "1.0.0"
        }
      }
    ]
  },
  "version": 1
}
